# Prisma Migrate lockfile v1

20200815030351-initial-schema
20200815043753-make-service-expires-a-date-time-value
20200822104724-remove-user-profile
20200901054946-remove-client-profile
20200901084701-add-user-to-category
20200905080804-add-all-day-flag-to-calendar-event
20200914020233-add-programs-to-clients